
Microsoft Visual Studio Solution File, Format Version 12.00
# Visual Studio Version 17
VisualStudioVersion = 17.7.34202.233
MinimumVisualStudioVersion = 10.0.40219.1
Project("{FAE04EC0-301F-11D3-BF4B-00C04F79EFBC}") = "20241126", "20241126\20241126.csproj", "{C048A61A-727F-4C6A-962B-FD74ACCCB1CB}"
EndProject
Global
	GlobalSection(SolutionConfigurationPlatforms) = preSolution
		Debug|Any CPU = Debug|Any CPU
		Release|Any CPU = Release|Any CPU
	EndGlobalSection
	GlobalSection(ProjectConfigurationPlatforms) = postSolution
		{C048A61A-727F-4C6A-962B-FD74ACCCB1CB}.Debug|Any CPU.ActiveCfg = Debug|Any CPU
		{C048A61A-727F-4C6A-962B-FD74ACCCB1CB}.Debug|Any CPU.Build.0 = Debug|Any CPU
		{C048A61A-727F-4C6A-962B-FD74ACCCB1CB}.Release|Any CPU.ActiveCfg = Release|Any CPU
		{C048A61A-727F-4C6A-962B-FD74ACCCB1CB}.Release|Any CPU.Build.0 = Release|Any CPU
	EndGlobalSection
	GlobalSection(SolutionProperties) = preSolution
		HideSolutionNode = FALSE
	EndGlobalSection
	GlobalSection(ExtensibilityGlobals) = postSolution
		SolutionGuid = {7C28B8DA-EB34-4BFD-AB0F-949B96AE2169}
	EndGlobalSection
EndGlobal
